
Microsoft Visual Studio Solution File, Format Version 12.00
# Visual Studio Version 16
VisualStudioVersion = 16.0.30413.136
MinimumVisualStudioVersion = 10.0.40219.1
Project("{FAE04EC0-301F-11D3-BF4B-00C04F79EFBC}") = "PruebaConexion", "PruebaConexion\PruebaConexion.csproj", "{5BFC690D-202B-45DA-B51B-7E619FC5E8F4}"
EndProject
Global
	GlobalSection(SolutionConfigurationPlatforms) = preSolution
		Debug|Any CPU = Debug|Any CPU
		Release|Any CPU = Release|Any CPU
	EndGlobalSection
	GlobalSection(ProjectConfigurationPlatforms) = postSolution
		{5BFC690D-202B-45DA-B51B-7E619FC5E8F4}.Debug|Any CPU.ActiveCfg = Debug|Any CPU
		{5BFC690D-202B-45DA-B51B-7E619FC5E8F4}.Debug|Any CPU.Build.0 = Debug|Any CPU
		{5BFC690D-202B-45DA-B51B-7E619FC5E8F4}.Release|Any CPU.ActiveCfg = Release|Any CPU
		{5BFC690D-202B-45DA-B51B-7E619FC5E8F4}.Release|Any CPU.Build.0 = Release|Any CPU
	EndGlobalSection
	GlobalSection(SolutionProperties) = preSolution
		HideSolutionNode = FALSE
	EndGlobalSection
	GlobalSection(ExtensibilityGlobals) = postSolution
		SolutionGuid = {E8BF5FE0-40A4-41B9-994C-C5220431EFA6}
	EndGlobalSection
EndGlobal
